
Microsoft Visual Studio Solution File, Format Version 12.00
# Visual Studio Version 17
VisualStudioVersion = 17.11.35327.3
MinimumVisualStudioVersion = 10.0.40219.1
Project("{FAE04EC0-301F-11D3-BF4B-00C04F79EFBC}") = "JobApplicant", "JobApplicant\JobApplicant.csproj", "{0022DA57-D130-4AE0-8358-B5664F70052F}"
EndProject
Global
	GlobalSection(SolutionConfigurationPlatforms) = preSolution
		Debug|Any CPU = Debug|Any CPU
		Release|Any CPU = Release|Any CPU
	EndGlobalSection
	GlobalSection(ProjectConfigurationPlatforms) = postSolution
		{0022DA57-D130-4AE0-8358-B5664F70052F}.Debug|Any CPU.ActiveCfg = Debug|Any CPU
		{0022DA57-D130-4AE0-8358-B5664F70052F}.Debug|Any CPU.Build.0 = Debug|Any CPU
		{0022DA57-D130-4AE0-8358-B5664F70052F}.Release|Any CPU.ActiveCfg = Release|Any CPU
		{0022DA57-D130-4AE0-8358-B5664F70052F}.Release|Any CPU.Build.0 = Release|Any CPU
	EndGlobalSection
	GlobalSection(SolutionProperties) = preSolution
		HideSolutionNode = FALSE
	EndGlobalSection
	GlobalSection(ExtensibilityGlobals) = postSolution
		SolutionGuid = {1586BBDE-82AE-4C95-B8EF-05B8C29C33CF}
	EndGlobalSection
EndGlobal
